[[package]]
category = "main"
description = "Read single characters and key-strokes"
name = "getkey"
optional = false
python-versions = "*"
version = "0.6.5"

[[package]]
category = "main"
description = "Utilities to read single characters and key-strokes"
name = "readchar"
optional = false
python-versions = "*"
version = "2.0.1"

[metadata]
content-hash = "886370d8396ea61da6d1f4c5091facd5c367138918ab11c456571781cde15ec4"
python-versions = "^3.8"

[metadata.files]
getkey = [
    {file = "getkey-0.6.5.tar.gz", hash = "sha256:68c7c702c3b34deacf427f6c0f1fd66c5c2aa12d7801aa32442fc1a71c8ce059"},
]
readchar = [
    {file = "readchar-2.0.1-py2-none-any.whl", hash = "sha256:ed00b7a49bb12f345319d9fa393f289f03670310ada2beb55e8c3f017c648f1e"},
    {file = "readchar-2.0.1-py3-none-any.whl", hash = "sha256:3ac34aab28563bc895f73233d5c08b28f951ca190d5850b8d4bec973132a8dca"},
]
